
Microsoft Visual Studio Solution File, Format Version 11.00
# Visual Studio 2010
Project("{FAE04EC0-301F-11D3-BF4B-00C04F79EFBC}") = "TrialAR_Sample", "Assembly-CSharp.csproj", "{7FE07FE8-F91D-4E9F-5908-73DFF4FC3746}"
EndProject
Project("{FAE04EC0-301F-11D3-BF4B-00C04F79EFBC}") = "TrialAR_Sample", "Assembly-CSharp-Editor.csproj", "{297D4547-2B8E-2232-EA68-BB7BE7DBDE2A}"
EndProject
Global
	GlobalSection(SolutionConfigurationPlatforms) = preSolution
		Debug|Any CPU = Debug|Any CPU
		Release|Any CPU = Release|Any CPU
	EndGlobalSection
	GlobalSection(ProjectConfigurationPlatforms) = postSolution
		{7FE07FE8-F91D-4E9F-5908-73DFF4FC3746}.Debug|Any CPU.ActiveCfg = Debug|Any CPU
		{7FE07FE8-F91D-4E9F-5908-73DFF4FC3746}.Debug|Any CPU.Build.0 = Debug|Any CPU
		{7FE07FE8-F91D-4E9F-5908-73DFF4FC3746}.Release|Any CPU.ActiveCfg = Release|Any CPU
		{7FE07FE8-F91D-4E9F-5908-73DFF4FC3746}.Release|Any CPU.Build.0 = Release|Any CPU
		{297D4547-2B8E-2232-EA68-BB7BE7DBDE2A}.Debug|Any CPU.ActiveCfg = Debug|Any CPU
		{297D4547-2B8E-2232-EA68-BB7BE7DBDE2A}.Debug|Any CPU.Build.0 = Debug|Any CPU
		{297D4547-2B8E-2232-EA68-BB7BE7DBDE2A}.Release|Any CPU.ActiveCfg = Release|Any CPU
		{297D4547-2B8E-2232-EA68-BB7BE7DBDE2A}.Release|Any CPU.Build.0 = Release|Any CPU
	EndGlobalSection
	GlobalSection(SolutionProperties) = preSolution
		HideSolutionNode = FALSE
	EndGlobalSection
	GlobalSection(MonoDevelopProperties) = preSolution
		StartupItem = Assembly-CSharp.csproj
	EndGlobalSection
EndGlobal
